// !$*UTF8*$!
{
	archiveVersion = 1;
	classes = {
	};
	objectVersion = 56;
	objects = {

/* Begin PBXBuildFile section */
		6B2857972C59582D00EEA827 /* ReverseInter.swift in Sources */ = {isa = PBXBuildFile; fileRef = 6B2857962C59582D00EEA827 /* ReverseInter.swift */; };
		6B7FCD0E2C06448300816D9D /* AddTwoSum.swift in Sources */ = {isa = PBXBuildFile; fileRef = 6B7FCD0D2C06448300816D9D /* AddTwoSum.swift */; };
		6B7FCD102C08356600816D9D /* Palindrome.swift in Sources */ = {isa = PBXBuildFile; fileRef = 6B7FCD0F2C08356600816D9D /* Palindrome.swift */; };
		6B7FCD792C1D9E5D00816D9D /* OwnHigherOrderFunctions.swift in Sources */ = {isa = PBXBuildFile; fileRef = 6B7FCD782C1D9E5D00816D9D /* OwnHigherOrderFunctions.swift */; };
		6B7FCD7B2C1DA3A200816D9D /* GenericOptional.swift in Sources */ = {isa = PBXBuildFile; fileRef = 6B7FCD7A2C1DA3A200816D9D /* GenericOptional.swift */; };
		6B7FCD7D2C1F0C7A00816D9D /* SingleResponsibilityPrinciple.swift in Sources */ = {isa = PBXBuildFile; fileRef = 6B7FCD7C2C1F0C7A00816D9D /* SingleResponsibilityPrinciple.swift */; };
		6B7FCD7F2C1F0D0A00816D9D /* GenericApiCall.swift in Sources */ = {isa = PBXBuildFile; fileRef = 6B7FCD7E2C1F0D0A00816D9D /* GenericApiCall.swift */; };
		6B7FCE162C50329900816D9D /* FindAllDuplicatesInArray.swift in Sources */ = {isa = PBXBuildFile; fileRef = 6B7FCE152C50329900816D9D /* FindAllDuplicatesInArray.swift */; };
		6B7FCE182C51D6DC00816D9D /* FindAllLonelyNumbersInArray.swift in Sources */ = {isa = PBXBuildFile; fileRef = 6B7FCE172C51D6DC00816D9D /* FindAllLonelyNumbersInArray.swift */; };
		6B7FCE1A2C541DAE00816D9D /* 3SumClosest.swift in Sources */ = {isa = PBXBuildFile; fileRef = 6B7FCE192C541DAE00816D9D /* 3SumClosest.swift */; };
		6BD5E5A22C06404A00D237ED /* AppDelegate.swift in Sources */ = {isa = PBXBuildFile; fileRef = 6BD5E5A12C06404A00D237ED /* AppDelegate.swift */; };
		6BD5E5A42C06404A00D237ED /* SceneDelegate.swift in Sources */ = {isa = PBXBuildFile; fileRef = 6BD5E5A32C06404A00D237ED /* SceneDelegate.swift */; };
		6BD5E5A62C06404A00D237ED /* ViewController.swift in Sources */ = {isa = PBXBuildFile; fileRef = 6BD5E5A52C06404A00D237ED /* ViewController.swift */; };
		6BD5E5A92C06404A00D237ED /* Main.storyboard in Resources */ = {isa = PBXBuildFile; fileRef = 6BD5E5A72C06404A00D237ED /* Main.storyboard */; };
		6BD5E5AB2C06404A00D237ED /* Assets.xcassets in Resources */ = {isa = PBXBuildFile; fileRef = 6BD5E5AA2C06404A00D237ED /* Assets.xcassets */; };
		6BD5E5AE2C06404A00D237ED /* LaunchScreen.storyboard in Resources */ = {isa = PBXBuildFile; fileRef = 6BD5E5AC2C06404A00D237ED /* LaunchScreen.storyboard */; };
/* End PBXBuildFile section */

/* Begin PBXFileReference section */
		6B2857962C59582D00EEA827 /* ReverseInter.swift */ = {isa = PBXFileReference; lastKnownFileType = sourcecode.swift; path = ReverseInter.swift; sourceTree = "<group>"; };
		6B7FCD0D2C06448300816D9D /* AddTwoSum.swift */ = {isa = PBXFileReference; lastKnownFileType = sourcecode.swift; path = AddTwoSum.swift; sourceTree = "<group>"; };
		6B7FCD0F2C08356600816D9D /* Palindrome.swift */ = {isa = PBXFileReference; lastKnownFileType = sourcecode.swift; path = Palindrome.swift; sourceTree = "<group>"; };
		6B7FCD782C1D9E5D00816D9D /* OwnHigherOrderFunctions.swift */ = {isa = PBXFileReference; lastKnownFileType = sourcecode.swift; path = OwnHigherOrderFunctions.swift; sourceTree = "<group>"; };
		6B7FCD7A2C1DA3A200816D9D /* GenericOptional.swift */ = {isa = PBXFileReference; lastKnownFileType = sourcecode.swift; path = GenericOptional.swift; sourceTree = "<group>"; };
		6B7FCD7C2C1F0C7A00816D9D /* SingleResponsibilityPrinciple.swift */ = {isa = PBXFileReference; lastKnownFileType = sourcecode.swift; path = SingleResponsibilityPrinciple.swift; sourceTree = "<group>"; };
		6B7FCD7E2C1F0D0A00816D9D /* GenericApiCall.swift */ = {isa = PBXFileReference; lastKnownFileType = sourcecode.swift; path = GenericApiCall.swift; sourceTree = "<group>"; };
		6B7FCE152C50329900816D9D /* FindAllDuplicatesInArray.swift */ = {isa = PBXFileReference; lastKnownFileType = sourcecode.swift; path = FindAllDuplicatesInArray.swift; sourceTree = "<group>"; };
		6B7FCE172C51D6DC00816D9D /* FindAllLonelyNumbersInArray.swift */ = {isa = PBXFileReference; lastKnownFileType = sourcecode.swift; path = FindAllLonelyNumbersInArray.swift; sourceTree = "<group>"; };
		6B7FCE192C541DAE00816D9D /* 3SumClosest.swift */ = {isa = PBXFileReference; lastKnownFileType = sourcecode.swift; path = 3SumClosest.swift; sourceTree = "<group>"; };
		6BD5E59E2C06404A00D237ED /* Swift-DSA.app */ = {isa = PBXFileReference; explicitFileType = wrapper.application; includeInIndex = 0; path = "Swift-DSA.app"; sourceTree = BUILT_PRODUCTS_DIR; };
		6BD5E5A12C06404A00D237ED /* AppDelegate.swift */ = {isa = PBXFileReference; lastKnownFileType = sourcecode.swift; path = AppDelegate.swift; sourceTree = "<group>"; };
		6BD5E5A32C06404A00D237ED /* SceneDelegate.swift */ = {isa = PBXFileReference; lastKnownFileType = sourcecode.swift; path = SceneDelegate.swift; sourceTree = "<group>"; };
		6BD5E5A52C06404A00D237ED /* ViewController.swift */ = {isa = PBXFileReference; lastKnownFileType = sourcecode.swift; path = ViewController.swift; sourceTree = "<group>"; };
		6BD5E5A82C06404A00D237ED /* Base */ = {isa = PBXFileReference; lastKnownFileType = file.storyboard; name = Base; path = Base.lproj/Main.storyboard; sourceTree = "<group>"; };
		6BD5E5AA2C06404A00D237ED /* Assets.xcassets */ = {isa = PBXFileReference; lastKnownFileType = folder.assetcatalog; path = Assets.xcassets; sourceTree = "<group>"; };
		6BD5E5AD2C06404A00D237ED /* Base */ = {isa = PBXFileReference; lastKnownFileType = file.storyboard; name = Base; path = Base.lproj/LaunchScreen.storyboard; sourceTree = "<group>"; };
		6BD5E5AF2C06404A00D237ED /* Info.plist */ = {isa = PBXFileReference; lastKnownFileType = text.plist.xml; path = Info.plist; sourceTree = "<group>"; };
/* End PBXFileReference section */

/* Begin PBXFrameworksBuildPhase section */
		6BD5E59B2C06404A00D237ED /* Frameworks */ = {
			isa = PBXFrameworksBuildPhase;
			buildActionMask = 2147483647;
			files = (
			);
			runOnlyForDeploymentPostprocessing = 0;
		};
/* End PBXFrameworksBuildPhase section */

/* Begin PBXGroup section */
		6BD5E5952C06404A00D237ED = {
			isa = PBXGroup;
			children = (
				6BD5E5A02C06404A00D237ED /* Swift-DSA */,
				6BD5E59F2C06404A00D237ED /* Products */,
			);
			sourceTree = "<group>";
		};
		6BD5E59F2C06404A00D237ED /* Products */ = {
			isa = PBXGroup;
			children = (
				6BD5E59E2C06404A00D237ED /* Swift-DSA.app */,
			);
			name = Products;
			sourceTree = "<group>";
		};
		6BD5E5A02C06404A00D237ED /* Swift-DSA */ = {
			isa = PBXGroup;
			children = (
				6BD5E5A12C06404A00D237ED /* AppDelegate.swift */,
				6BD5E5A32C06404A00D237ED /* SceneDelegate.swift */,
				6BD5E5A52C06404A00D237ED /* ViewController.swift */,
				6B7FCD0D2C06448300816D9D /* AddTwoSum.swift */,
				6B7FCD782C1D9E5D00816D9D /* OwnHigherOrderFunctions.swift */,
				6B7FCD7A2C1DA3A200816D9D /* GenericOptional.swift */,
				6B7FCD7C2C1F0C7A00816D9D /* SingleResponsibilityPrinciple.swift */,
				6B7FCE152C50329900816D9D /* FindAllDuplicatesInArray.swift */,
				6B7FCE172C51D6DC00816D9D /* FindAllLonelyNumbersInArray.swift */,
				6B7FCE192C541DAE00816D9D /* 3SumClosest.swift */,
				6B2857962C59582D00EEA827 /* ReverseInter.swift */,
				6B7FCD7E2C1F0D0A00816D9D /* GenericApiCall.swift */,
				6B7FCD0F2C08356600816D9D /* Palindrome.swift */,
				6BD5E5A72C06404A00D237ED /* Main.storyboard */,
				6BD5E5AA2C06404A00D237ED /* Assets.xcassets */,
				6BD5E5AC2C06404A00D237ED /* LaunchScreen.storyboard */,
				6BD5E5AF2C06404A00D237ED /* Info.plist */,
			);
			path = "Swift-DSA";
			sourceTree = "<group>";
		};
/* End PBXGroup section */

/* Begin PBXNativeTarget section */
		6BD5E59D2C06404A00D237ED /* Swift-DSA */ = {
			isa = PBXNativeTarget;
			buildConfigurationList = 6BD5E5B22C06404A00D237ED /* Build configuration list for PBXNativeTarget "Swift-DSA" */;
			buildPhases = (
				6BD5E59A2C06404A00D237ED /* Sources */,
				6BD5E59B2C06404A00D237ED /* Frameworks */,
				6BD5E59C2C06404A00D237ED /* Resources */,
			);
			buildRules = (
			);
			dependencies = (
			);
			name = "Swift-DSA";
			productName = "Swift-DSA";
			productReference = 6BD5E59E2C06404A00D237ED /* Swift-DSA.app */;
			productType = "com.apple.product-type.application";
		};
/* End PBXNativeTarget section */

/* Begin PBXProject section */
		6BD5E5962C06404A00D237ED /* Project object */ = {
			isa = PBXProject;
			attributes = {
				BuildIndependentTargetsInParallel = 1;
				LastSwiftUpdateCheck = 1400;
				LastUpgradeCheck = 1400;
				TargetAttributes = {
					6BD5E59D2C06404A00D237ED = {
						CreatedOnToolsVersion = 14.0;
					};
				};
			};
			buildConfigurationList = 6BD5E5992C06404A00D237ED /* Build configuration list for PBXProject "Swift-DSA" */;
			compatibilityVersion = "Xcode 14.0";
			developmentRegion = en;
			hasScannedForEncodings = 0;
			knownRegions = (
				en,
				Base,
			);
			mainGroup = 6BD5E5952C06404A00D237ED;
			productRefGroup = 6BD5E59F2C06404A00D237ED /* Products */;
			projectDirPath = "";
			projectRoot = "";
			targets = (
				6BD5E59D2C06404A00D237ED /* Swift-DSA */,
			);
		};
/* End PBXProject section */

/* Begin PBXResourcesBuildPhase section */
		6BD5E59C2C06404A00D237ED /* Resources */ = {
			isa = PBXResourcesBuildPhase;
			buildActionMask = 2147483647;
			files = (
				6BD5E5AE2C06404A00D237ED /* LaunchScreen.storyboard in Resources */,
				6BD5E5AB2C06404A00D237ED /* Assets.xcassets in Resources */,
				6BD5E5A92C06404A00D237ED /* Main.storyboard in Resources */,
			);
			runOnlyForDeploymentPostprocessing = 0;
		};
/* End PBXResourcesBuildPhase section */

/* Begin PBXSourcesBuildPhase section */
		6BD5E59A2C06404A00D237ED /* Sources */ = {
			isa = PBXSourcesBuildPhase;
			buildActionMask = 2147483647;
			files = (
				6BD5E5A62C06404A00D237ED /* ViewController.swift in Sources */,
				6B7FCD102C08356600816D9D /* Palindrome.swift in Sources */,
				6BD5E5A22C06404A00D237ED /* AppDelegate.swift in Sources */,
				6B7FCD0E2C06448300816D9D /* AddTwoSum.swift in Sources */,
				6B2857972C59582D00EEA827 /* ReverseInter.swift in Sources */,
				6B7FCD7F2C1F0D0A00816D9D /* GenericApiCall.swift in Sources */,
				6B7FCD792C1D9E5D00816D9D /* OwnHigherOrderFunctions.swift in Sources */,
				6BD5E5A42C06404A00D237ED /* SceneDelegate.swift in Sources */,
				6B7FCE182C51D6DC00816D9D /* FindAllLonelyNumbersInArray.swift in Sources */,
				6B7FCE162C50329900816D9D /* FindAllDuplicatesInArray.swift in Sources */,
				6B7FCE1A2C541DAE00816D9D /* 3SumClosest.swift in Sources */,
				6B7FCD7B2C1DA3A200816D9D /* GenericOptional.swift in Sources */,
				6B7FCD7D2C1F0C7A00816D9D /* SingleResponsibilityPrinciple.swift in Sources */,
			);
			runOnlyForDeploymentPostprocessing = 0;
		};
/* End PBXSourcesBuildPhase section */

/* Begin PBXVariantGroup section */
		6BD5E5A72C06404A00D237ED /* Main.storyboard */ = {
			isa = PBXVariantGroup;
			children = (
				6BD5E5A82C06404A00D237ED /* Base */,
			);
			name = Main.storyboard;
			sourceTree = "<group>";
		};
		6BD5E5AC2C06404A00D237ED /* LaunchScreen.storyboard */ = {
			isa = PBXVariantGroup;
			children = (
				6BD5E5AD2C06404A00D237ED /* Base */,
			);
			name = LaunchScreen.storyboard;
			sourceTree = "<group>";
		};
/* End PBXVariantGroup section */

/* Begin XCBuildConfiguration section */
		6BD5E5B02C06404A00D237ED /* Debug */ = {
			isa = XCBuildConfiguration;
			buildSettings = {
				ALWAYS_SEARCH_USER_PATHS = NO;
				CLANG_ANALYZER_NONNULL = YES;
				CLANG_ANALYZER_NUMBER_OBJECT_CONVERSION = YES_AGGRESSIVE;
				CLANG_CXX_LANGUAGE_STANDARD = "gnu++20";
				CLANG_ENABLE_MODULES = YES;
				CLANG_ENABLE_OBJC_ARC = YES;
				CLANG_ENABLE_OBJC_WEAK = YES;
				CLANG_WARN_BLOCK_CAPTURE_AUTORELEASING = YES;
				CLANG_WARN_BOOL_CONVERSION = YES;
				CLANG_WARN_COMMA = YES;
				CLANG_WARN_CONSTANT_CONVERSION = YES;
				CLANG_WARN_DEPRECATED_OBJC_IMPLEMENTATIONS = YES;
				CLANG_WARN_DIRECT_OBJC_ISA_USAGE = YES_ERROR;
				CLANG_WARN_DOCUMENTATION_COMMENTS = YES;
				CLANG_WARN_EMPTY_BODY = YES;
				CLANG_WARN_ENUM_CONVERSION = YES;
				CLANG_WARN_INFINITE_RECURSION = YES;
				CLANG_WARN_INT_CONVERSION = YES;
				CLANG_WARN_NON_LITERAL_NULL_CONVERSION = YES;
				CLANG_WARN_OBJC_IMPLICIT_RETAIN_SELF = YES;
				CLANG_WARN_OBJC_LITERAL_CONVERSION = YES;
				CLANG_WARN_OBJC_ROOT_CLASS = YES_ERROR;
				CLANG_WARN_QUOTED_INCLUDE_IN_FRAMEWORK_HEADER = YES;
				CLANG_WARN_RANGE_LOOP_ANALYSIS = YES;
				CLANG_WARN_STRICT_PROTOTYPES = YES;
				CLANG_WARN_SUSPICIOUS_MOVE = YES;
				CLANG_WARN_UNGUARDED_AVAILABILITY = YES_AGGRESSIVE;
				CLANG_WARN_UNREACHABLE_CODE = YES;
				CLANG_WARN__DUPLICATE_METHOD_MATCH = YES;
				COPY_PHASE_STRIP = NO;
				DEBUG_INFORMATION_FORMAT = dwarf;
				ENABLE_STRICT_OBJC_MSGSEND = YES;
				ENABLE_TESTABILITY = YES;
				GCC_C_LANGUAGE_STANDARD = gnu11;
				GCC_DYNAMIC_NO_PIC = NO;
				GCC_NO_COMMON_BLOCKS = YES;
				GCC_OPTIMIZATION_LEVEL = 0;
				GCC_PREPROCESSOR_DEFINITIONS = (
					"DEBUG=1",
					"$(inherited)",
				);
				GCC_WARN_64_TO_32_BIT_CONVERSION = YES;
				GCC_WARN_ABOUT_RETURN_TYPE = YES_ERROR;
				GCC_WARN_UNDECLARED_SELECTOR = YES;
				GCC_WARN_UNINITIALIZED_AUTOS = YES_AGGRESSIVE;
				GCC_WARN_UNUSED_FUNCTION = YES;
				GCC_WARN_UNUSED_VARIABLE = YES;
				IPHONEOS_DEPLOYMENT_TARGET = 16.0;
				MTL_ENABLE_DEBUG_INFO = INCLUDE_SOURCE;
				MTL_FAST_MATH = YES;
				ONLY_ACTIVE_ARCH = YES;
				SDKROOT = iphoneos;
				SWIFT_ACTIVE_COMPILATION_CONDITIONS = DEBUG;
				SWIFT_OPTIMIZATION_LEVEL = "-Onone";
			};
			name = Debug;
		};
		6BD5E5B12C06404A00D237ED /* Release */ = {
			isa = XCBuildConfiguration;
			buildSettings = {
				ALWAYS_SEARCH_USER_PATHS = NO;
				CLANG_ANALYZER_NONNULL = YES;
				CLANG_ANALYZER_NUMBER_OBJECT_CONVERSION = YES_AGGRESSIVE;
				CLANG_CXX_LANGUAGE_STANDARD = "gnu++20";
				CLANG_ENABLE_MODULES = YES;
				CLANG_ENABLE_OBJC_ARC = YES;
				CLANG_ENABLE_OBJC_WEAK = YES;
				CLANG_WARN_BLOCK_CAPTURE_AUTORELEASING = YES;
				CLANG_WARN_BOOL_CONVERSION = YES;
				CLANG_WARN_COMMA = YES;
				CLANG_WARN_CONSTANT_CONVERSION = YES;
				CLANG_WARN_DEPRECATED_OBJC_IMPLEMENTATIONS = YES;
				CLANG_WARN_DIRECT_OBJC_ISA_USAGE = YES_ERROR;
				CLANG_WARN_DOCUMENTATION_COMMENTS = YES;
				CLANG_WARN_EMPTY_BODY = YES;
				CLANG_WARN_ENUM_CONVERSION = YES;
				CLANG_WARN_INFINITE_RECURSION = YES;
				CLANG_WARN_INT_CONVERSION = YES;
				CLANG_WARN_NON_LITERAL_NULL_CONVERSION = YES;
				CLANG_WARN_OBJC_IMPLICIT_RETAIN_SELF = YES;
				CLANG_WARN_OBJC_LITERAL_CONVERSION = YES;
				CLANG_WARN_OBJC_ROOT_CLASS = YES_ERROR;
				CLANG_WARN_QUOTED_INCLUDE_IN_FRAMEWORK_HEADER = YES;
				CLANG_WARN_RANGE_LOOP_ANALYSIS = YES;
				CLANG_WARN_STRICT_PROTOTYPES = YES;
				CLANG_WARN_SUSPICIOUS_MOVE = YES;
				CLANG_WARN_UNGUARDED_AVAILABILITY = YES_AGGRESSIVE;
				CLANG_WARN_UNREACHABLE_CODE = YES;
				CLANG_WARN__DUPLICATE_METHOD_MATCH = YES;
				COPY_PHASE_STRIP = NO;
				DEBUG_INFORMATION_FORMAT = "dwarf-with-dsym";
				ENABLE_NS_ASSERTIONS = NO;
				ENABLE_STRICT_OBJC_MSGSEND = YES;
				GCC_C_LANGUAGE_STANDARD = gnu11;
				GCC_NO_COMMON_BLOCKS = YES;
				GCC_WARN_64_TO_32_BIT_CONVERSION = YES;
				GCC_WARN_ABOUT_RETURN_TYPE = YES_ERROR;
				GCC_WARN_UNDECLARED_SELECTOR = YES;
				GCC_WARN_UNINITIALIZED_AUTOS = YES_AGGRESSIVE;
				GCC_WARN_UNUSED_FUNCTION = YES;
				GCC_WARN_UNUSED_VARIABLE = YES;
				IPHONEOS_DEPLOYMENT_TARGET = 16.0;
				MTL_ENABLE_DEBUG_INFO = NO;
				MTL_FAST_MATH = YES;
				SDKROOT = iphoneos;
				SWIFT_COMPILATION_MODE = wholemodule;
				SWIFT_OPTIMIZATION_LEVEL = "-O";
				VALIDATE_PRODUCT = YES;
			};
			name = Release;
		};
		6BD5E5B32C06404A00D237ED /* Debug */ = {
			isa = XCBuildConfiguration;
			buildSettings = {
				ASSETCATALOG_COMPILER_APPICON_NAME = AppIcon;
				ASSETCATALOG_COMPILER_GLOBAL_ACCENT_COLOR_NAME = AccentColor;
				CODE_SIGN_STYLE = Automatic;
				CURRENT_PROJECT_VERSION = 1;
				DEVELOPMENT_TEAM = 55KLUDBPYU;
				GENERATE_INFOPLIST_FILE = YES;
				INFOPLIST_FILE = "Swift-DSA/Info.plist";
				INFOPLIST_KEY_UIApplicationSupportsIndirectInputEvents = YES;
				INFOPLIST_KEY_UILaunchStoryboardName = LaunchScreen;
				INFOPLIST_KEY_UIMainStoryboardFile = Main;
				INFOPLIST_KEY_UISupportedInterfaceOrientations_iPad = "UIInterfaceOrientationPortrait UIInterfaceOrientationPortraitUpsideDown UIInterfaceOrientationLandscapeLeft UIInterfaceOrientationLandscapeRight";
				INFOPLIST_KEY_UISupportedInterfaceOrientations_iPhone = "UIInterfaceOrientationPortrait UIInterfaceOrientationLandscapeLeft UIInterfaceOrientationLandscapeRight";
				LD_RUNPATH_SEARCH_PATHS = (
					"$(inherited)",
					"@executable_path/Frameworks",
				);
				MARKETING_VERSION = 1.0;
				PRODUCT_BUNDLE_IDENTIFIER = "com.basivi.Swift-DSA";
				PRODUCT_NAME = "$(TARGET_NAME)";
				SWIFT_EMIT_LOC_STRINGS = YES;
				SWIFT_VERSION = 5.0;
				TARGETED_DEVICE_FAMILY = "1,2";
			};
			name = Debug;
		};
		6BD5E5B42C06404A00D237ED /* Release */ = {
			isa = XCBuildConfiguration;
			buildSettings = {
				ASSETCATALOG_COMPILER_APPICON_NAME = AppIcon;
				ASSETCATALOG_COMPILER_GLOBAL_ACCENT_COLOR_NAME = AccentColor;
				CODE_SIGN_STYLE = Automatic;
				CURRENT_PROJECT_VERSION = 1;
				DEVELOPMENT_TEAM = 55KLUDBPYU;
				GENERATE_INFOPLIST_FILE = YES;
				INFOPLIST_FILE = "Swift-DSA/Info.plist";
				INFOPLIST_KEY_UIApplicationSupportsIndirectInputEvents = YES;
				INFOPLIST_KEY_UILaunchStoryboardName = LaunchScreen;
				INFOPLIST_KEY_UIMainStoryboardFile = Main;
				INFOPLIST_KEY_UISupportedInterfaceOrientations_iPad = "UIInterfaceOrientationPortrait UIInterfaceOrientationPortraitUpsideDown UIInterfaceOrientationLandscapeLeft UIInterfaceOrientationLandscapeRight";
				INFOPLIST_KEY_UISupportedInterfaceOrientations_iPhone = "UIInterfaceOrientationPortrait UIInterfaceOrientationLandscapeLeft UIInterfaceOrientationLandscapeRight";
				LD_RUNPATH_SEARCH_PATHS = (
					"$(inherited)",
					"@executable_path/Frameworks",
				);
				MARKETING_VERSION = 1.0;
				PRODUCT_BUNDLE_IDENTIFIER = "com.basivi.Swift-DSA";
				PRODUCT_NAME = "$(TARGET_NAME)";
				SWIFT_EMIT_LOC_STRINGS = YES;
				SWIFT_VERSION = 5.0;
				TARGETED_DEVICE_FAMILY = "1,2";
			};
			name = Release;
		};
/* End XCBuildConfiguration section */

/* Begin XCConfigurationList section */
		6BD5E5992C06404A00D237ED /* Build configuration list for PBXProject "Swift-DSA" */ = {
			isa = XCConfigurationList;
			buildConfigurations = (
				6BD5E5B02C06404A00D237ED /* Debug */,
				6BD5E5B12C06404A00D237ED /* Release */,
			);
			defaultConfigurationIsVisible = 0;
			defaultConfigurationName = Release;
		};
		6BD5E5B22C06404A00D237ED /* Build configuration list for PBXNativeTarget "Swift-DSA" */ = {
			isa = XCConfigurationList;
			buildConfigurations = (
				6BD5E5B32C06404A00D237ED /* Debug */,
				6BD5E5B42C06404A00D237ED /* Release */,
			);
			defaultConfigurationIsVisible = 0;
			defaultConfigurationName = Release;
		};
/* End XCConfigurationList section */
	};
	rootObject = 6BD5E5962C06404A00D237ED /* Project object */;
}
